
Microsoft Visual Studio Solution File, Format Version 12.00
# Visual Studio Version 17
VisualStudioVersion = 17.0.31903.59
MinimumVisualStudioVersion = 10.0.40219.1
Project("{FAE04EC0-301F-11D3-BF4B-00C04F79EFBC}") = "API", "API\API.csproj", "{67DE4674-61D5-41C8-8137-FE78E4E6152E}"
EndProject
Project("{FAE04EC0-301F-11D3-BF4B-00C04F79EFBC}") = "Application", "Application\Application.csproj", "{1B2D691A-ADDA-4A18-A97E-D895BDA12842}"
EndProject
Project("{FAE04EC0-301F-11D3-BF4B-00C04F79EFBC}") = "Domain", "Domain\Domain.csproj", "{07D774A7-E911-4CDD-A8D6-B6A373742091}"
EndProject
Project("{FAE04EC0-301F-11D3-BF4B-00C04F79EFBC}") = "Persistence", "Persistence\Persistence.csproj", "{61D97D8A-BCD2-4A49-B865-293A0D138A52}"
EndProject
Global
	GlobalSection(SolutionConfigurationPlatforms) = preSolution
		Debug|Any CPU = Debug|Any CPU
		Release|Any CPU = Release|Any CPU
	EndGlobalSection
	GlobalSection(SolutionProperties) = preSolution
		HideSolutionNode = FALSE
	EndGlobalSection
	GlobalSection(ProjectConfigurationPlatforms) = postSolution
		{67DE4674-61D5-41C8-8137-FE78E4E6152E}.Debug|Any CPU.ActiveCfg = Debug|Any CPU
		{67DE4674-61D5-41C8-8137-FE78E4E6152E}.Debug|Any CPU.Build.0 = Debug|Any CPU
		{67DE4674-61D5-41C8-8137-FE78E4E6152E}.Release|Any CPU.ActiveCfg = Release|Any CPU
		{67DE4674-61D5-41C8-8137-FE78E4E6152E}.Release|Any CPU.Build.0 = Release|Any CPU
		{1B2D691A-ADDA-4A18-A97E-D895BDA12842}.Debug|Any CPU.ActiveCfg = Debug|Any CPU
		{1B2D691A-ADDA-4A18-A97E-D895BDA12842}.Debug|Any CPU.Build.0 = Debug|Any CPU
		{1B2D691A-ADDA-4A18-A97E-D895BDA12842}.Release|Any CPU.ActiveCfg = Release|Any CPU
		{1B2D691A-ADDA-4A18-A97E-D895BDA12842}.Release|Any CPU.Build.0 = Release|Any CPU
		{07D774A7-E911-4CDD-A8D6-B6A373742091}.Debug|Any CPU.ActiveCfg = Debug|Any CPU
		{07D774A7-E911-4CDD-A8D6-B6A373742091}.Debug|Any CPU.Build.0 = Debug|Any CPU
		{07D774A7-E911-4CDD-A8D6-B6A373742091}.Release|Any CPU.ActiveCfg = Release|Any CPU
		{07D774A7-E911-4CDD-A8D6-B6A373742091}.Release|Any CPU.Build.0 = Release|Any CPU
		{61D97D8A-BCD2-4A49-B865-293A0D138A52}.Debug|Any CPU.ActiveCfg = Debug|Any CPU
		{61D97D8A-BCD2-4A49-B865-293A0D138A52}.Debug|Any CPU.Build.0 = Debug|Any CPU
		{61D97D8A-BCD2-4A49-B865-293A0D138A52}.Release|Any CPU.ActiveCfg = Release|Any CPU
		{61D97D8A-BCD2-4A49-B865-293A0D138A52}.Release|Any CPU.Build.0 = Release|Any CPU
	EndGlobalSection
EndGlobal
